// !$*UTF8*$!
{
	archiveVersion = 1;
	classes = {
	};
	objectVersion = 55;
	objects = {

/* Begin PBXBuildFile section */
		96C31DF7273525A1000C4BDB /* FooAppApp.swift in Sources */ = {isa = PBXBuildFile; fileRef = 96C31DF6273525A1000C4BDB /* FooAppApp.swift */; };
		96C31DF9273525A1000C4BDB /* ContentView.swift in Sources */ = {isa = PBXBuildFile; fileRef = 96C31DF8273525A1000C4BDB /* ContentView.swift */; };
		96C31DFB273525A2000C4BDB /* Assets.xcassets in Resources */ = {isa = PBXBuildFile; fileRef = 96C31DFA273525A2000C4BDB /* Assets.xcassets */; };
		96C31DFE273525A2000C4BDB /* Preview Assets.xcassets in Resources */ = {isa = PBXBuildFile; fileRef = 96C31DFD273525A2000C4BDB /* Preview Assets.xcassets */; };
		96C31E08273525A2000C4BDB /* FooAppTests.swift in Sources */ = {isa = PBXBuildFile; fileRef = 96C31E07273525A2000C4BDB /* FooAppTests.swift */; };
		96C31E12273525A2000C4BDB /* FooAppUITests.swift in Sources */ = {isa = PBXBuildFile; fileRef = 96C31E11273525A2000C4BDB /* FooAppUITests.swift */; };
		96C31E14273525A2000C4BDB /* FooAppUITestsLaunchTests.swift in Sources */ = {isa = PBXBuildFile; fileRef = 96C31E13273525A2000C4BDB /* FooAppUITestsLaunchTests.swift */; };
/* End PBXBuildFile section */

/* Begin PBXContainerItemProxy section */
		96C31E04273525A2000C4BDB /* PBXContainerItemProxy */ = {
			isa = PBXContainerItemProxy;
			containerPortal = 96C31DEB273525A1000C4BDB /* Project object */;
			proxyType = 1;
			remoteGlobalIDString = 96C31DF2273525A1000C4BDB;
			remoteInfo = FooApp;
		};
		96C31E0E273525A2000C4BDB /* PBXContainerItemProxy */ = {
			isa = PBXContainerItemProxy;
			containerPortal = 96C31DEB273525A1000C4BDB /* Project object */;
			proxyType = 1;
			remoteGlobalIDString = 96C31DF2273525A1000C4BDB;
			remoteInfo = FooApp;
		};
/* End PBXContainerItemProxy section */

/* Begin PBXFileReference section */
		96C31DF3273525A1000C4BDB /* FooApp.app */ = {isa = PBXFileReference; explicitFileType = wrapper.application; includeInIndex = 0; path = FooApp.app; sourceTree = BUILT_PRODUCTS_DIR; };
		96C31DF6273525A1000C4BDB /* FooAppApp.swift */ = {isa = PBXFileReference; lastKnownFileType = sourcecode.swift; path = FooAppApp.swift; sourceTree = "<group>"; };
		96C31DF8273525A1000C4BDB /* ContentView.swift */ = {isa = PBXFileReference; lastKnownFileType = sourcecode.swift; path = ContentView.swift; sourceTree = "<group>"; };
		96C31DFA273525A2000C4BDB /* Assets.xcassets */ = {isa = PBXFileReference; lastKnownFileType = folder.assetcatalog; path = Assets.xcassets; sourceTree = "<group>"; };
		96C31DFD273525A2000C4BDB /* Preview Assets.xcassets */ = {isa = PBXFileReference; lastKnownFileType = folder.assetcatalog; path = "Preview Assets.xcassets"; sourceTree = "<group>"; };
		96C31E03273525A2000C4BDB /* FooAppTests.xctest */ = {isa = PBXFileReference; explicitFileType = wrapper.cfbundle; includeInIndex = 0; path = FooAppTests.xctest; sourceTree = BUILT_PRODUCTS_DIR; };
		96C31E07273525A2000C4BDB /* FooAppTests.swift */ = {isa = PBXFileReference; lastKnownFileType = sourcecode.swift; path = FooAppTests.swift; sourceTree = "<group>"; };
		96C31E0D273525A2000C4BDB /* FooAppUITests.xctest */ = {isa = PBXFileReference; explicitFileType = wrapper.cfbundle; includeInIndex = 0; path = FooAppUITests.xctest; sourceTree = BUILT_PRODUCTS_DIR; };
		96C31E11273525A2000C4BDB /* FooAppUITests.swift */ = {isa = PBXFileReference; lastKnownFileType = sourcecode.swift; path = FooAppUITests.swift; sourceTree = "<group>"; };
		96C31E13273525A2000C4BDB /* FooAppUITestsLaunchTests.swift */ = {isa = PBXFileReference; lastKnownFileType = sourcecode.swift; path = FooAppUITestsLaunchTests.swift; sourceTree = "<group>"; };
/* End PBXFileReference section */

/* Begin PBXFrameworksBuildPhase section */
		96C31DF0273525A1000C4BDB /* Frameworks */ = {
			isa = PBXFrameworksBuildPhase;
			buildActionMask = 2147483647;
			files = (
			);
			runOnlyForDeploymentPostprocessing = 0;
		};
		96C31E00273525A2000C4BDB /* Frameworks */ = {
			isa = PBXFrameworksBuildPhase;
			buildActionMask = 2147483647;
			files = (
			);
			runOnlyForDeploymentPostprocessing = 0;
		};
		96C31E0A273525A2000C4BDB /* Frameworks */ = {
			isa = PBXFrameworksBuildPhase;
			buildActionMask = 2147483647;
			files = (
			);
			runOnlyForDeploymentPostprocessing = 0;
		};
/* End PBXFrameworksBuildPhase section */

/* Begin PBXGroup section */
		96C31DEA273525A1000C4BDB = {
			isa = PBXGroup;
			children = (
				96C31DF5273525A1000C4BDB /* FooApp */,
				96C31E06273525A2000C4BDB /* FooAppTests */,
				96C31E10273525A2000C4BDB /* FooAppUITests */,
				96C31DF4273525A1000C4BDB /* Products */,
			);
			sourceTree = "<group>";
		};
		96C31DF4273525A1000C4BDB /* Products */ = {
			isa = PBXGroup;
			children = (
				96C31DF3273525A1000C4BDB /* FooApp.app */,
				96C31E03273525A2000C4BDB /* FooAppTests.xctest */,
				96C31E0D273525A2000C4BDB /* FooAppUITests.xctest */,
			);
			name = Products;
			sourceTree = "<group>";
		};
		96C31DF5273525A1000C4BDB /* FooApp */ = {
			isa = PBXGroup;
			children = (
				96C31DF6273525A1000C4BDB /* FooAppApp.swift */,
				96C31DF8273525A1000C4BDB /* ContentView.swift */,
				96C31DFA273525A2000C4BDB /* Assets.xcassets */,
				96C31DFC273525A2000C4BDB /* Preview Content */,
			);
			path = FooApp;
			sourceTree = "<group>";
		};
		96C31DFC273525A2000C4BDB /* Preview Content */ = {
			isa = PBXGroup;
			children = (
				96C31DFD273525A2000C4BDB /* Preview Assets.xcassets */,
			);
			path = "Preview Content";
			sourceTree = "<group>";
		};
		96C31E06273525A2000C4BDB /* FooAppTests */ = {
			isa = PBXGroup;
			children = (
				96C31E07273525A2000C4BDB /* FooAppTests.swift */,
			);
			path = FooAppTests;
			sourceTree = "<group>";
		};
		96C31E10273525A2000C4BDB /* FooAppUITests */ = {
			isa = PBXGroup;
			children = (
				96C31E11273525A2000C4BDB /* FooAppUITests.swift */,
				96C31E13273525A2000C4BDB /* FooAppUITestsLaunchTests.swift */,
			);
			path = FooAppUITests;
			sourceTree = "<group>";
		};
/* End PBXGroup section */

/* Begin PBXNativeTarget section */
		96C31DF2273525A1000C4BDB /* FooApp */ = {
			isa = PBXNativeTarget;
			buildConfigurationList = 96C31E17273525A2000C4BDB /* Build configuration list for PBXNativeTarget "FooApp" */;
			buildPhases = (
				96C31DEF273525A1000C4BDB /* Sources */,
				96C31DF0273525A1000C4BDB /* Frameworks */,
				96C31DF1273525A1000C4BDB /* Resources */,
			);
			buildRules = (
			);
			dependencies = (
			);
			name = FooApp;
			productName = FooApp;
			productReference = 96C31DF3273525A1000C4BDB /* FooApp.app */;
			productType = "com.apple.product-type.application";
		};
		96C31E02273525A2000C4BDB /* FooAppTests */ = {
			isa = PBXNativeTarget;
			buildConfigurationList = 96C31E1A273525A2000C4BDB /* Build configuration list for PBXNativeTarget "FooAppTests" */;
			buildPhases = (
				96C31DFF273525A2000C4BDB /* Sources */,
				96C31E00273525A2000C4BDB /* Frameworks */,
				96C31E01273525A2000C4BDB /* Resources */,
			);
			buildRules = (
			);
			dependencies = (
				96C31E05273525A2000C4BDB /* PBXTargetDependency */,
			);
			name = FooAppTests;
			productName = FooAppTests;
			productReference = 96C31E03273525A2000C4BDB /* FooAppTests.xctest */;
			productType = "com.apple.product-type.bundle.unit-test";
		};
		96C31E0C273525A2000C4BDB /* FooAppUITests */ = {
			isa = PBXNativeTarget;
			buildConfigurationList = 96C31E1D273525A2000C4BDB /* Build configuration list for PBXNativeTarget "FooAppUITests" */;
			buildPhases = (
				96C31E09273525A2000C4BDB /* Sources */,
				96C31E0A273525A2000C4BDB /* Frameworks */,
				96C31E0B273525A2000C4BDB /* Resources */,
			);
			buildRules = (
			);
			dependencies = (
				96C31E0F273525A2000C4BDB /* PBXTargetDependency */,
			);
			name = FooAppUITests;
			productName = FooAppUITests;
			productReference = 96C31E0D273525A2000C4BDB /* FooAppUITests.xctest */;
			productType = "com.apple.product-type.bundle.ui-testing";
		};
/* End PBXNativeTarget section */

/* Begin PBXProject section */
		96C31DEB273525A1000C4BDB /* Project object */ = {
			isa = PBXProject;
			attributes = {
				BuildIndependentTargetsInParallel = 1;
				LastSwiftUpdateCheck = 1310;
				LastUpgradeCheck = 1310;
				TargetAttributes = {
					96C31DF2273525A1000C4BDB = {
						CreatedOnToolsVersion = 13.1;
					};
					96C31E02273525A2000C4BDB = {
						CreatedOnToolsVersion = 13.1;
						TestTargetID = 96C31DF2273525A1000C4BDB;
					};
					96C31E0C273525A2000C4BDB = {
						CreatedOnToolsVersion = 13.1;
						TestTargetID = 96C31DF2273525A1000C4BDB;
					};
				};
			};
			buildConfigurationList = 96C31DEE273525A1000C4BDB /* Build configuration list for PBXProject "FooApp" */;
			compatibilityVersion = "Xcode 13.0";
			developmentRegion = en;
			hasScannedForEncodings = 0;
			knownRegions = (
				en,
				Base,
			);
			mainGroup = 96C31DEA273525A1000C4BDB;
			productRefGroup = 96C31DF4273525A1000C4BDB /* Products */;
			projectDirPath = "";
			projectRoot = "";
			targets = (
				96C31DF2273525A1000C4BDB /* FooApp */,
				96C31E02273525A2000C4BDB /* FooAppTests */,
				96C31E0C273525A2000C4BDB /* FooAppUITests */,
			);
		};
/* End PBXProject section */

/* Begin PBXResourcesBuildPhase section */
		96C31DF1273525A1000C4BDB /* Resources */ = {
			isa = PBXResourcesBuildPhase;
			buildActionMask = 2147483647;
			files = (
				96C31DFE273525A2000C4BDB /* Preview Assets.xcassets in Resources */,
				96C31DFB273525A2000C4BDB /* Assets.xcassets in Resources */,
			);
			runOnlyForDeploymentPostprocessing = 0;
		};
		96C31E01273525A2000C4BDB /* Resources */ = {
			isa = PBXResourcesBuildPhase;
			buildActionMask = 2147483647;
			files = (
			);
			runOnlyForDeploymentPostprocessing = 0;
		};
		96C31E0B273525A2000C4BDB /* Resources */ = {
			isa = PBXResourcesBuildPhase;
			buildActionMask = 2147483647;
			files = (
			);
			runOnlyForDeploymentPostprocessing = 0;
		};
/* End PBXResourcesBuildPhase section */

/* Begin PBXSourcesBuildPhase section */
		96C31DEF273525A1000C4BDB /* Sources */ = {
			isa = PBXSourcesBuildPhase;
			buildActionMask = 2147483647;
			files = (
				96C31DF9273525A1000C4BDB /* ContentView.swift in Sources */,
				96C31DF7273525A1000C4BDB /* FooAppApp.swift in Sources */,
			);
			runOnlyForDeploymentPostprocessing = 0;
		};
		96C31DFF273525A2000C4BDB /* Sources */ = {
			isa = PBXSourcesBuildPhase;
			buildActionMask = 2147483647;
			files = (
				96C31E08273525A2000C4BDB /* FooAppTests.swift in Sources */,
			);
			runOnlyForDeploymentPostprocessing = 0;
		};
		96C31E09273525A2000C4BDB /* Sources */ = {
			isa = PBXSourcesBuildPhase;
			buildActionMask = 2147483647;
			files = (
				96C31E12273525A2000C4BDB /* FooAppUITests.swift in Sources */,
				96C31E14273525A2000C4BDB /* FooAppUITestsLaunchTests.swift in Sources */,
			);
			runOnlyForDeploymentPostprocessing = 0;
		};
/* End PBXSourcesBuildPhase section */

/* Begin PBXTargetDependency section */
		96C31E05273525A2000C4BDB /* PBXTargetDependency */ = {
			isa = PBXTargetDependency;
			target = 96C31DF2273525A1000C4BDB /* FooApp */;
			targetProxy = 96C31E04273525A2000C4BDB /* PBXContainerItemProxy */;
		};
		96C31E0F273525A2000C4BDB /* PBXTargetDependency */ = {
			isa = PBXTargetDependency;
			target = 96C31DF2273525A1000C4BDB /* FooApp */;
			targetProxy = 96C31E0E273525A2000C4BDB /* PBXContainerItemProxy */;
		};
/* End PBXTargetDependency section */

/* Begin XCBuildConfiguration section */
		96C31E15273525A2000C4BDB /* Debug */ = {
			isa = XCBuildConfiguration;
			buildSettings = {
				ALWAYS_SEARCH_USER_PATHS = NO;
				CLANG_ANALYZER_NONNULL = YES;
				CLANG_ANALYZER_NUMBER_OBJECT_CONVERSION = YES_AGGRESSIVE;
				CLANG_CXX_LANGUAGE_STANDARD = "gnu++17";
				CLANG_CXX_LIBRARY = "libc++";
				CLANG_ENABLE_MODULES = YES;
				CLANG_ENABLE_OBJC_ARC = YES;
				CLANG_ENABLE_OBJC_WEAK = YES;
				CLANG_WARN_BLOCK_CAPTURE_AUTORELEASING = YES;
				CLANG_WARN_BOOL_CONVERSION = YES;
				CLANG_WARN_COMMA = YES;
				CLANG_WARN_CONSTANT_CONVERSION = YES;
				CLANG_WARN_DEPRECATED_OBJC_IMPLEMENTATIONS = YES;
				CLANG_WARN_DIRECT_OBJC_ISA_USAGE = YES_ERROR;
				CLANG_WARN_DOCUMENTATION_COMMENTS = YES;
				CLANG_WARN_EMPTY_BODY = YES;
				CLANG_WARN_ENUM_CONVERSION = YES;
				CLANG_WARN_INFINITE_RECURSION = YES;
				CLANG_WARN_INT_CONVERSION = YES;
				CLANG_WARN_NON_LITERAL_NULL_CONVERSION = YES;
				CLANG_WARN_OBJC_IMPLICIT_RETAIN_SELF = YES;
				CLANG_WARN_OBJC_LITERAL_CONVERSION = YES;
				CLANG_WARN_OBJC_ROOT_CLASS = YES_ERROR;
				CLANG_WARN_QUOTED_INCLUDE_IN_FRAMEWORK_HEADER = YES;
				CLANG_WARN_RANGE_LOOP_ANALYSIS = YES;
				CLANG_WARN_STRICT_PROTOTYPES = YES;
				CLANG_WARN_SUSPICIOUS_MOVE = YES;
				CLANG_WARN_UNGUARDED_AVAILABILITY = YES_AGGRESSIVE;
				CLANG_WARN_UNREACHABLE_CODE = YES;
				CLANG_WARN__DUPLICATE_METHOD_MATCH = YES;
				COPY_PHASE_STRIP = NO;
				DEBUG_INFORMATION_FORMAT = dwarf;
				ENABLE_STRICT_OBJC_MSGSEND = YES;
				ENABLE_TESTABILITY = YES;
				GCC_C_LANGUAGE_STANDARD = gnu11;
				GCC_DYNAMIC_NO_PIC = NO;
				GCC_NO_COMMON_BLOCKS = YES;
				GCC_OPTIMIZATION_LEVEL = 0;
				GCC_PREPROCESSOR_DEFINITIONS = (
					"DEBUG=1",
					"$(inherited)",
				);
				GCC_WARN_64_TO_32_BIT_CONVERSION = YES;
				GCC_WARN_ABOUT_RETURN_TYPE = YES_ERROR;
				GCC_WARN_UNDECLARED_SELECTOR = YES;
				GCC_WARN_UNINITIALIZED_AUTOS = YES_AGGRESSIVE;
				GCC_WARN_UNUSED_FUNCTION = YES;
				GCC_WARN_UNUSED_VARIABLE = YES;
				IPHONEOS_DEPLOYMENT_TARGET = 15.0;
				MTL_ENABLE_DEBUG_INFO = INCLUDE_SOURCE;
				MTL_FAST_MATH = YES;
				ONLY_ACTIVE_ARCH = YES;
				SDKROOT = iphoneos;
				SWIFT_ACTIVE_COMPILATION_CONDITIONS = DEBUG;
				SWIFT_OPTIMIZATION_LEVEL = "-Onone";
			};
			name = Debug;
		};
		96C31E16273525A2000C4BDB /* Release */ = {
			isa = XCBuildConfiguration;
			buildSettings = {
				ALWAYS_SEARCH_USER_PATHS = NO;
				CLANG_ANALYZER_NONNULL = YES;
				CLANG_ANALYZER_NUMBER_OBJECT_CONVERSION = YES_AGGRESSIVE;
				CLANG_CXX_LANGUAGE_STANDARD = "gnu++17";
				CLANG_CXX_LIBRARY = "libc++";
				CLANG_ENABLE_MODULES = YES;
				CLANG_ENABLE_OBJC_ARC = YES;
				CLANG_ENABLE_OBJC_WEAK = YES;
				CLANG_WARN_BLOCK_CAPTURE_AUTORELEASING = YES;
				CLANG_WARN_BOOL_CONVERSION = YES;
				CLANG_WARN_COMMA = YES;
				CLANG_WARN_CONSTANT_CONVERSION = YES;
				CLANG_WARN_DEPRECATED_OBJC_IMPLEMENTATIONS = YES;
				CLANG_WARN_DIRECT_OBJC_ISA_USAGE = YES_ERROR;
				CLANG_WARN_DOCUMENTATION_COMMENTS = YES;
				CLANG_WARN_EMPTY_BODY = YES;
				CLANG_WARN_ENUM_CONVERSION = YES;
				CLANG_WARN_INFINITE_RECURSION = YES;
				CLANG_WARN_INT_CONVERSION = YES;
				CLANG_WARN_NON_LITERAL_NULL_CONVERSION = YES;
				CLANG_WARN_OBJC_IMPLICIT_RETAIN_SELF = YES;
				CLANG_WARN_OBJC_LITERAL_CONVERSION = YES;
				CLANG_WARN_OBJC_ROOT_CLASS = YES_ERROR;
				CLANG_WARN_QUOTED_INCLUDE_IN_FRAMEWORK_HEADER = YES;
				CLANG_WARN_RANGE_LOOP_ANALYSIS = YES;
				CLANG_WARN_STRICT_PROTOTYPES = YES;
				CLANG_WARN_SUSPICIOUS_MOVE = YES;
				CLANG_WARN_UNGUARDED_AVAILABILITY = YES_AGGRESSIVE;
				CLANG_WARN_UNREACHABLE_CODE = YES;
				CLANG_WARN__DUPLICATE_METHOD_MATCH = YES;
				COPY_PHASE_STRIP = NO;
				DEBUG_INFORMATION_FORMAT = "dwarf-with-dsym";
				ENABLE_NS_ASSERTIONS = NO;
				ENABLE_STRICT_OBJC_MSGSEND = YES;
				GCC_C_LANGUAGE_STANDARD = gnu11;
				GCC_NO_COMMON_BLOCKS = YES;
				GCC_WARN_64_TO_32_BIT_CONVERSION = YES;
				GCC_WARN_ABOUT_RETURN_TYPE = YES_ERROR;
				GCC_WARN_UNDECLARED_SELECTOR = YES;
				GCC_WARN_UNINITIALIZED_AUTOS = YES_AGGRESSIVE;
				GCC_WARN_UNUSED_FUNCTION = YES;
				GCC_WARN_UNUSED_VARIABLE = YES;
				IPHONEOS_DEPLOYMENT_TARGET = 15.0;
				MTL_ENABLE_DEBUG_INFO = NO;
				MTL_FAST_MATH = YES;
				SDKROOT = iphoneos;
				SWIFT_COMPILATION_MODE = wholemodule;
				SWIFT_OPTIMIZATION_LEVEL = "-O";
				VALIDATE_PRODUCT = YES;
			};
			name = Release;
		};
		96C31E18273525A2000C4BDB /* Debug */ = {
			isa = XCBuildConfiguration;
			buildSettings = {
				ASSETCATALOG_COMPILER_APPICON_NAME = AppIcon;
				ASSETCATALOG_COMPILER_GLOBAL_ACCENT_COLOR_NAME = AccentColor;
				CODE_SIGN_STYLE = Automatic;
				CURRENT_PROJECT_VERSION = 1;
				DEVELOPMENT_ASSET_PATHS = "\"FooApp/Preview Content\"";
				ENABLE_PREVIEWS = YES;
				GENERATE_INFOPLIST_FILE = YES;
				INFOPLIST_KEY_UIApplicationSceneManifest_Generation = YES;
				INFOPLIST_KEY_UIApplicationSupportsIndirectInputEvents = YES;
				INFOPLIST_KEY_UILaunchScreen_Generation = YES;
				INFOPLIST_KEY_UISupportedInterfaceOrientations_iPad = "UIInterfaceOrientationPortrait UIInterfaceOrientationPortraitUpsideDown UIInterfaceOrientationLandscapeLeft UIInterfaceOrientationLandscapeRight";
				INFOPLIST_KEY_UISupportedInterfaceOrientations_iPhone = "UIInterfaceOrientationPortrait UIInterfaceOrientationLandscapeLeft UIInterfaceOrientationLandscapeRight";
				LD_RUNPATH_SEARCH_PATHS = (
					"$(inherited)",
					"@executable_path/Frameworks",
				);
				MARKETING_VERSION = 1.0;
				PRODUCT_BUNDLE_IDENTIFIER = foo.FooApp;
				PRODUCT_NAME = "$(TARGET_NAME)";
				SWIFT_EMIT_LOC_STRINGS = YES;
				SWIFT_VERSION = 5.0;
				TARGETED_DEVICE_FAMILY = "1,2";
			};
			name = Debug;
		};
		96C31E19273525A2000C4BDB /* Release */ = {
			isa = XCBuildConfiguration;
			buildSettings = {
				ASSETCATALOG_COMPILER_APPICON_NAME = AppIcon;
				ASSETCATALOG_COMPILER_GLOBAL_ACCENT_COLOR_NAME = AccentColor;
				CODE_SIGN_STYLE = Automatic;
				CURRENT_PROJECT_VERSION = 1;
				DEVELOPMENT_ASSET_PATHS = "\"FooApp/Preview Content\"";
				ENABLE_PREVIEWS = YES;
				GENERATE_INFOPLIST_FILE = YES;
				INFOPLIST_KEY_UIApplicationSceneManifest_Generation = YES;
				INFOPLIST_KEY_UIApplicationSupportsIndirectInputEvents = YES;
				INFOPLIST_KEY_UILaunchScreen_Generation = YES;
				INFOPLIST_KEY_UISupportedInterfaceOrientations_iPad = "UIInterfaceOrientationPortrait UIInterfaceOrientationPortraitUpsideDown UIInterfaceOrientationLandscapeLeft UIInterfaceOrientationLandscapeRight";
				INFOPLIST_KEY_UISupportedInterfaceOrientations_iPhone = "UIInterfaceOrientationPortrait UIInterfaceOrientationLandscapeLeft UIInterfaceOrientationLandscapeRight";
				LD_RUNPATH_SEARCH_PATHS = (
					"$(inherited)",
					"@executable_path/Frameworks",
				);
				MARKETING_VERSION = 1.0;
				PRODUCT_BUNDLE_IDENTIFIER = foo.FooApp;
				PRODUCT_NAME = "$(TARGET_NAME)";
				SWIFT_EMIT_LOC_STRINGS = YES;
				SWIFT_VERSION = 5.0;
				TARGETED_DEVICE_FAMILY = "1,2";
			};
			name = Release;
		};
		96C31E1B273525A2000C4BDB /* Debug */ = {
			isa = XCBuildConfiguration;
			buildSettings = {
				ALWAYS_EMBED_SWIFT_STANDARD_LIBRARIES = YES;
				BUNDLE_LOADER = "$(TEST_HOST)";
				CODE_SIGN_STYLE = Automatic;
				CURRENT_PROJECT_VERSION = 1;
				GENERATE_INFOPLIST_FILE = YES;
				IPHONEOS_DEPLOYMENT_TARGET = 15.0;
				LD_RUNPATH_SEARCH_PATHS = (
					"$(inherited)",
					"@executable_path/Frameworks",
					"@loader_path/Frameworks",
				);
				MARKETING_VERSION = 1.0;
				PRODUCT_BUNDLE_IDENTIFIER = foo.FooAppTests;
				PRODUCT_NAME = "$(TARGET_NAME)";
				SWIFT_EMIT_LOC_STRINGS = NO;
				SWIFT_VERSION = 5.0;
				TARGETED_DEVICE_FAMILY = "1,2";
				TEST_HOST = "$(BUILT_PRODUCTS_DIR)/FooApp.app/FooApp";
			};
			name = Debug;
		};
		96C31E1C273525A2000C4BDB /* Release */ = {
			isa = XCBuildConfiguration;
			buildSettings = {
				ALWAYS_EMBED_SWIFT_STANDARD_LIBRARIES = YES;
				BUNDLE_LOADER = "$(TEST_HOST)";
				CODE_SIGN_STYLE = Automatic;
				CURRENT_PROJECT_VERSION = 1;
				GENERATE_INFOPLIST_FILE = YES;
				IPHONEOS_DEPLOYMENT_TARGET = 15.0;
				LD_RUNPATH_SEARCH_PATHS = (
					"$(inherited)",
					"@executable_path/Frameworks",
					"@loader_path/Frameworks",
				);
				MARKETING_VERSION = 1.0;
				PRODUCT_BUNDLE_IDENTIFIER = foo.FooAppTests;
				PRODUCT_NAME = "$(TARGET_NAME)";
				SWIFT_EMIT_LOC_STRINGS = NO;
				SWIFT_VERSION = 5.0;
				TARGETED_DEVICE_FAMILY = "1,2";
				TEST_HOST = "$(BUILT_PRODUCTS_DIR)/FooApp.app/FooApp";
			};
			name = Release;
		};
		96C31E1E273525A2000C4BDB /* Debug */ = {
			isa = XCBuildConfiguration;
			buildSettings = {
				ALWAYS_EMBED_SWIFT_STANDARD_LIBRARIES = YES;
				CODE_SIGN_STYLE = Automatic;
				CURRENT_PROJECT_VERSION = 1;
				GENERATE_INFOPLIST_FILE = YES;
				LD_RUNPATH_SEARCH_PATHS = (
					"$(inherited)",
					"@executable_path/Frameworks",
					"@loader_path/Frameworks",
				);
				MARKETING_VERSION = 1.0;
				PRODUCT_BUNDLE_IDENTIFIER = foo.FooAppUITests;
				PRODUCT_NAME = "$(TARGET_NAME)";
				SWIFT_EMIT_LOC_STRINGS = NO;
				SWIFT_VERSION = 5.0;
				TARGETED_DEVICE_FAMILY = "1,2";
				TEST_TARGET_NAME = FooApp;
			};
			name = Debug;
		};
		96C31E1F273525A2000C4BDB /* Release */ = {
			isa = XCBuildConfiguration;
			buildSettings = {
				ALWAYS_EMBED_SWIFT_STANDARD_LIBRARIES = YES;
				CODE_SIGN_STYLE = Automatic;
				CURRENT_PROJECT_VERSION = 1;
				GENERATE_INFOPLIST_FILE = YES;
				LD_RUNPATH_SEARCH_PATHS = (
					"$(inherited)",
					"@executable_path/Frameworks",
					"@loader_path/Frameworks",
				);
				MARKETING_VERSION = 1.0;
				PRODUCT_BUNDLE_IDENTIFIER = foo.FooAppUITests;
				PRODUCT_NAME = "$(TARGET_NAME)";
				SWIFT_EMIT_LOC_STRINGS = NO;
				SWIFT_VERSION = 5.0;
				TARGETED_DEVICE_FAMILY = "1,2";
				TEST_TARGET_NAME = FooApp;
			};
			name = Release;
		};
/* End XCBuildConfiguration section */

/* Begin XCConfigurationList section */
		96C31DEE273525A1000C4BDB /* Build configuration list for PBXProject "FooApp" */ = {
			isa = XCConfigurationList;
			buildConfigurations = (
				96C31E15273525A2000C4BDB /* Debug */,
				96C31E16273525A2000C4BDB /* Release */,
			);
			defaultConfigurationIsVisible = 0;
			defaultConfigurationName = Release;
		};
		96C31E17273525A2000C4BDB /* Build configuration list for PBXNativeTarget "FooApp" */ = {
			isa = XCConfigurationList;
			buildConfigurations = (
				96C31E18273525A2000C4BDB /* Debug */,
				96C31E19273525A2000C4BDB /* Release */,
			);
			defaultConfigurationIsVisible = 0;
			defaultConfigurationName = Release;
		};
		96C31E1A273525A2000C4BDB /* Build configuration list for PBXNativeTarget "FooAppTests" */ = {
			isa = XCConfigurationList;
			buildConfigurations = (
				96C31E1B273525A2000C4BDB /* Debug */,
				96C31E1C273525A2000C4BDB /* Release */,
			);
			defaultConfigurationIsVisible = 0;
			defaultConfigurationName = Release;
		};
		96C31E1D273525A2000C4BDB /* Build configuration list for PBXNativeTarget "FooAppUITests" */ = {
			isa = XCConfigurationList;
			buildConfigurations = (
				96C31E1E273525A2000C4BDB /* Debug */,
				96C31E1F273525A2000C4BDB /* Release */,
			);
			defaultConfigurationIsVisible = 0;
			defaultConfigurationName = Release;
		};
/* End XCConfigurationList section */
	};
	rootObject = 96C31DEB273525A1000C4BDB /* Project object */;
}
