// !$*UTF8*$!
{
	archiveVersion = 1;
	classes = {
	};
	objectVersion = 55;
	objects = {

/* Begin PBXBuildFile section */
		96740EC02772E59E0089A886 /* UserStore.swift in Sources */ = {isa = PBXBuildFile; fileRef = 96740EBF2772E59E0089A886 /* UserStore.swift */; };
		96740EC32772E7E30089A886 /* UserDetails.swift in Sources */ = {isa = PBXBuildFile; fileRef = 96740EC22772E7E30089A886 /* UserDetails.swift */; };
		96740EC52772E82D0089A886 /* UserRow.swift in Sources */ = {isa = PBXBuildFile; fileRef = 96740EC42772E82D0089A886 /* UserRow.swift */; };
		96740ECA2772F22F0089A886 /* UsersApp.swift in Sources */ = {isa = PBXBuildFile; fileRef = 96740EC92772F22F0089A886 /* UsersApp.swift */; };
		968755872770FD30005FB927 /* User.swift in Sources */ = {isa = PBXBuildFile; fileRef = 968755862770FD30005FB927 /* User.swift */; };
		968EC70927719F1D00C69858 /* Api.swift in Sources */ = {isa = PBXBuildFile; fileRef = 968EC70827719F1D00C69858 /* Api.swift */; };
		969C530827735C8A001837B6 /* UserList.swift in Sources */ = {isa = PBXBuildFile; fileRef = 969C530727735C8A001837B6 /* UserList.swift */; };
		969C530A2773A992001837B6 /* UserGrid.swift in Sources */ = {isa = PBXBuildFile; fileRef = 969C53092773A992001837B6 /* UserGrid.swift */; };
		969C530C2773AADA001837B6 /* Avatar.swift in Sources */ = {isa = PBXBuildFile; fileRef = 969C530B2773AADA001837B6 /* Avatar.swift */; };
		96C31DF9273525A1000C4BDB /* ContentView.swift in Sources */ = {isa = PBXBuildFile; fileRef = 96C31DF8273525A1000C4BDB /* ContentView.swift */; };
		96C31DFB273525A2000C4BDB /* Assets.xcassets in Resources */ = {isa = PBXBuildFile; fileRef = 96C31DFA273525A2000C4BDB /* Assets.xcassets */; };
		96C31DFE273525A2000C4BDB /* Preview Assets.xcassets in Resources */ = {isa = PBXBuildFile; fileRef = 96C31DFD273525A2000C4BDB /* Preview Assets.xcassets */; };
		96C31E08273525A2000C4BDB /* UsersAppTests.swift in Sources */ = {isa = PBXBuildFile; fileRef = 96C31E07273525A2000C4BDB /* UsersAppTests.swift */; };
		96C31E12273525A2000C4BDB /* UsersAppUITests.swift in Sources */ = {isa = PBXBuildFile; fileRef = 96C31E11273525A2000C4BDB /* UsersAppUITests.swift */; };
		96C31E14273525A2000C4BDB /* UsersAppUITestsLaunchTests.swift in Sources */ = {isa = PBXBuildFile; fileRef = 96C31E13273525A2000C4BDB /* UsersAppUITestsLaunchTests.swift */; };
/* End PBXBuildFile section */

/* Begin PBXContainerItemProxy section */
		96C31E04273525A2000C4BDB /* PBXContainerItemProxy */ = {
			isa = PBXContainerItemProxy;
			containerPortal = 96C31DEB273525A1000C4BDB /* Project object */;
			proxyType = 1;
			remoteGlobalIDString = 96C31DF2273525A1000C4BDB;
			remoteInfo = FooApp;
		};
		96C31E0E273525A2000C4BDB /* PBXContainerItemProxy */ = {
			isa = PBXContainerItemProxy;
			containerPortal = 96C31DEB273525A1000C4BDB /* Project object */;
			proxyType = 1;
			remoteGlobalIDString = 96C31DF2273525A1000C4BDB;
			remoteInfo = FooApp;
		};
/* End PBXContainerItemProxy section */

/* Begin PBXFileReference section */
		96740EBF2772E59E0089A886 /* UserStore.swift */ = {isa = PBXFileReference; lastKnownFileType = sourcecode.swift; path = UserStore.swift; sourceTree = "<group>"; };
		96740EC22772E7E30089A886 /* UserDetails.swift */ = {isa = PBXFileReference; lastKnownFileType = sourcecode.swift; path = UserDetails.swift; sourceTree = "<group>"; };
		96740EC42772E82D0089A886 /* UserRow.swift */ = {isa = PBXFileReference; lastKnownFileType = sourcecode.swift; path = UserRow.swift; sourceTree = "<group>"; };
		96740EC92772F22F0089A886 /* UsersApp.swift */ = {isa = PBXFileReference; lastKnownFileType = sourcecode.swift; path = UsersApp.swift; sourceTree = "<group>"; };
		968755862770FD30005FB927 /* User.swift */ = {isa = PBXFileReference; lastKnownFileType = sourcecode.swift; path = User.swift; sourceTree = "<group>"; };
		968EC70827719F1D00C69858 /* Api.swift */ = {isa = PBXFileReference; lastKnownFileType = sourcecode.swift; path = Api.swift; sourceTree = "<group>"; };
		969C530727735C8A001837B6 /* UserList.swift */ = {isa = PBXFileReference; lastKnownFileType = sourcecode.swift; path = UserList.swift; sourceTree = "<group>"; };
		969C53092773A992001837B6 /* UserGrid.swift */ = {isa = PBXFileReference; lastKnownFileType = sourcecode.swift; path = UserGrid.swift; sourceTree = "<group>"; };
		969C530B2773AADA001837B6 /* Avatar.swift */ = {isa = PBXFileReference; lastKnownFileType = sourcecode.swift; path = Avatar.swift; sourceTree = "<group>"; };
		96C31DF3273525A1000C4BDB /* UsersApp.app */ = {isa = PBXFileReference; explicitFileType = wrapper.application; includeInIndex = 0; path = UsersApp.app; sourceTree = BUILT_PRODUCTS_DIR; };
		96C31DF8273525A1000C4BDB /* ContentView.swift */ = {isa = PBXFileReference; lastKnownFileType = sourcecode.swift; path = ContentView.swift; sourceTree = "<group>"; };
		96C31DFA273525A2000C4BDB /* Assets.xcassets */ = {isa = PBXFileReference; lastKnownFileType = folder.assetcatalog; path = Assets.xcassets; sourceTree = "<group>"; };
		96C31DFD273525A2000C4BDB /* Preview Assets.xcassets */ = {isa = PBXFileReference; lastKnownFileType = folder.assetcatalog; path = "Preview Assets.xcassets"; sourceTree = "<group>"; };
		96C31E03273525A2000C4BDB /* UsersAppTests.xctest */ = {isa = PBXFileReference; explicitFileType = wrapper.cfbundle; includeInIndex = 0; path = UsersAppTests.xctest; sourceTree = BUILT_PRODUCTS_DIR; };
		96C31E07273525A2000C4BDB /* UsersAppTests.swift */ = {isa = PBXFileReference; lastKnownFileType = sourcecode.swift; path = UsersAppTests.swift; sourceTree = "<group>"; };
		96C31E0D273525A2000C4BDB /* UsersAppUITests.xctest */ = {isa = PBXFileReference; explicitFileType = wrapper.cfbundle; includeInIndex = 0; path = UsersAppUITests.xctest; sourceTree = BUILT_PRODUCTS_DIR; };
		96C31E11273525A2000C4BDB /* UsersAppUITests.swift */ = {isa = PBXFileReference; lastKnownFileType = sourcecode.swift; path = UsersAppUITests.swift; sourceTree = "<group>"; };
		96C31E13273525A2000C4BDB /* UsersAppUITestsLaunchTests.swift */ = {isa = PBXFileReference; lastKnownFileType = sourcecode.swift; path = UsersAppUITestsLaunchTests.swift; sourceTree = "<group>"; };
/* End PBXFileReference section */

/* Begin PBXFrameworksBuildPhase section */
		96C31DF0273525A1000C4BDB /* Frameworks */ = {
			isa = PBXFrameworksBuildPhase;
			buildActionMask = 2147483647;
			files = (
			);
			runOnlyForDeploymentPostprocessing = 0;
		};
		96C31E00273525A2000C4BDB /* Frameworks */ = {
			isa = PBXFrameworksBuildPhase;
			buildActionMask = 2147483647;
			files = (
			);
			runOnlyForDeploymentPostprocessing = 0;
		};
		96C31E0A273525A2000C4BDB /* Frameworks */ = {
			isa = PBXFrameworksBuildPhase;
			buildActionMask = 2147483647;
			files = (
			);
			runOnlyForDeploymentPostprocessing = 0;
		};
/* End PBXFrameworksBuildPhase section */

/* Begin PBXGroup section */
		96740EC12772E7CB0089A886 /* Views */ = {
			isa = PBXGroup;
			children = (
				96C31DF8273525A1000C4BDB /* ContentView.swift */,
				96740EC22772E7E30089A886 /* UserDetails.swift */,
				96740EC42772E82D0089A886 /* UserRow.swift */,
				969C530727735C8A001837B6 /* UserList.swift */,
				969C53092773A992001837B6 /* UserGrid.swift */,
				969C530B2773AADA001837B6 /* Avatar.swift */,
			);
			path = Views;
			sourceTree = "<group>";
		};
		96740EC62772EAD00089A886 /* Models */ = {
			isa = PBXGroup;
			children = (
				968755862770FD30005FB927 /* User.swift */,
			);
			path = Models;
			sourceTree = "<group>";
		};
		96740EC72772EAEC0089A886 /* Helpers */ = {
			isa = PBXGroup;
			children = (
				968EC70827719F1D00C69858 /* Api.swift */,
			);
			path = Helpers;
			sourceTree = "<group>";
		};
		96740EC82772EB830089A886 /* Store */ = {
			isa = PBXGroup;
			children = (
				96740EBF2772E59E0089A886 /* UserStore.swift */,
			);
			path = Store;
			sourceTree = "<group>";
		};
		96C31DEA273525A1000C4BDB = {
			isa = PBXGroup;
			children = (
				96C31DF5273525A1000C4BDB /* UsersApp */,
				96C31E06273525A2000C4BDB /* UsersAppTests */,
				96C31E10273525A2000C4BDB /* UsersAppUITests */,
				96C31DF4273525A1000C4BDB /* Products */,
			);
			sourceTree = "<group>";
		};
		96C31DF4273525A1000C4BDB /* Products */ = {
			isa = PBXGroup;
			children = (
				96C31DF3273525A1000C4BDB /* UsersApp.app */,
				96C31E03273525A2000C4BDB /* UsersAppTests.xctest */,
				96C31E0D273525A2000C4BDB /* UsersAppUITests.xctest */,
			);
			name = Products;
			sourceTree = "<group>";
		};
		96C31DF5273525A1000C4BDB /* UsersApp */ = {
			isa = PBXGroup;
			children = (
				96740EC82772EB830089A886 /* Store */,
				96740EC72772EAEC0089A886 /* Helpers */,
				96740EC62772EAD00089A886 /* Models */,
				96740EC12772E7CB0089A886 /* Views */,
				96740EC92772F22F0089A886 /* UsersApp.swift */,
				96C31DFA273525A2000C4BDB /* Assets.xcassets */,
				96C31DFC273525A2000C4BDB /* Preview Content */,
			);
			path = UsersApp;
			sourceTree = "<group>";
		};
		96C31DFC273525A2000C4BDB /* Preview Content */ = {
			isa = PBXGroup;
			children = (
				96C31DFD273525A2000C4BDB /* Preview Assets.xcassets */,
			);
			path = "Preview Content";
			sourceTree = "<group>";
		};
		96C31E06273525A2000C4BDB /* UsersAppTests */ = {
			isa = PBXGroup;
			children = (
				96C31E07273525A2000C4BDB /* UsersAppTests.swift */,
			);
			path = UsersAppTests;
			sourceTree = "<group>";
		};
		96C31E10273525A2000C4BDB /* UsersAppUITests */ = {
			isa = PBXGroup;
			children = (
				96C31E11273525A2000C4BDB /* UsersAppUITests.swift */,
				96C31E13273525A2000C4BDB /* UsersAppUITestsLaunchTests.swift */,
			);
			path = UsersAppUITests;
			sourceTree = "<group>";
		};
/* End PBXGroup section */

/* Begin PBXNativeTarget section */
		96C31DF2273525A1000C4BDB /* UsersApp */ = {
			isa = PBXNativeTarget;
			buildConfigurationList = 96C31E17273525A2000C4BDB /* Build configuration list for PBXNativeTarget "UsersApp" */;
			buildPhases = (
				96C31DEF273525A1000C4BDB /* Sources */,
				96C31DF0273525A1000C4BDB /* Frameworks */,
				96C31DF1273525A1000C4BDB /* Resources */,
			);
			buildRules = (
			);
			dependencies = (
			);
			name = UsersApp;
			productName = FooApp;
			productReference = 96C31DF3273525A1000C4BDB /* UsersApp.app */;
			productType = "com.apple.product-type.application";
		};
		96C31E02273525A2000C4BDB /* UsersAppTests */ = {
			isa = PBXNativeTarget;
			buildConfigurationList = 96C31E1A273525A2000C4BDB /* Build configuration list for PBXNativeTarget "UsersAppTests" */;
			buildPhases = (
				96C31DFF273525A2000C4BDB /* Sources */,
				96C31E00273525A2000C4BDB /* Frameworks */,
				96C31E01273525A2000C4BDB /* Resources */,
			);
			buildRules = (
			);
			dependencies = (
				96C31E05273525A2000C4BDB /* PBXTargetDependency */,
			);
			name = UsersAppTests;
			productName = FooAppTests;
			productReference = 96C31E03273525A2000C4BDB /* UsersAppTests.xctest */;
			productType = "com.apple.product-type.bundle.unit-test";
		};
		96C31E0C273525A2000C4BDB /* UsersAppUITests */ = {
			isa = PBXNativeTarget;
			buildConfigurationList = 96C31E1D273525A2000C4BDB /* Build configuration list for PBXNativeTarget "UsersAppUITests" */;
			buildPhases = (
				96C31E09273525A2000C4BDB /* Sources */,
				96C31E0A273525A2000C4BDB /* Frameworks */,
				96C31E0B273525A2000C4BDB /* Resources */,
			);
			buildRules = (
			);
			dependencies = (
				96C31E0F273525A2000C4BDB /* PBXTargetDependency */,
			);
			name = UsersAppUITests;
			productName = FooAppUITests;
			productReference = 96C31E0D273525A2000C4BDB /* UsersAppUITests.xctest */;
			productType = "com.apple.product-type.bundle.ui-testing";
		};
/* End PBXNativeTarget section */

/* Begin PBXProject section */
		96C31DEB273525A1000C4BDB /* Project object */ = {
			isa = PBXProject;
			attributes = {
				BuildIndependentTargetsInParallel = 1;
				LastSwiftUpdateCheck = 1310;
				LastUpgradeCheck = 1310;
				TargetAttributes = {
					96C31DF2273525A1000C4BDB = {
						CreatedOnToolsVersion = 13.1;
					};
					96C31E02273525A2000C4BDB = {
						CreatedOnToolsVersion = 13.1;
						TestTargetID = 96C31DF2273525A1000C4BDB;
					};
					96C31E0C273525A2000C4BDB = {
						CreatedOnToolsVersion = 13.1;
						TestTargetID = 96C31DF2273525A1000C4BDB;
					};
				};
			};
			buildConfigurationList = 96C31DEE273525A1000C4BDB /* Build configuration list for PBXProject "UsersApp" */;
			compatibilityVersion = "Xcode 13.0";
			developmentRegion = en;
			hasScannedForEncodings = 0;
			knownRegions = (
				en,
				Base,
			);
			mainGroup = 96C31DEA273525A1000C4BDB;
			productRefGroup = 96C31DF4273525A1000C4BDB /* Products */;
			projectDirPath = "";
			projectRoot = "";
			targets = (
				96C31DF2273525A1000C4BDB /* UsersApp */,
				96C31E02273525A2000C4BDB /* UsersAppTests */,
				96C31E0C273525A2000C4BDB /* UsersAppUITests */,
			);
		};
/* End PBXProject section */

/* Begin PBXResourcesBuildPhase section */
		96C31DF1273525A1000C4BDB /* Resources */ = {
			isa = PBXResourcesBuildPhase;
			buildActionMask = 2147483647;
			files = (
				96C31DFE273525A2000C4BDB /* Preview Assets.xcassets in Resources */,
				96C31DFB273525A2000C4BDB /* Assets.xcassets in Resources */,
			);
			runOnlyForDeploymentPostprocessing = 0;
		};
		96C31E01273525A2000C4BDB /* Resources */ = {
			isa = PBXResourcesBuildPhase;
			buildActionMask = 2147483647;
			files = (
			);
			runOnlyForDeploymentPostprocessing = 0;
		};
		96C31E0B273525A2000C4BDB /* Resources */ = {
			isa = PBXResourcesBuildPhase;
			buildActionMask = 2147483647;
			files = (
			);
			runOnlyForDeploymentPostprocessing = 0;
		};
/* End PBXResourcesBuildPhase section */

/* Begin PBXSourcesBuildPhase section */
		96C31DEF273525A1000C4BDB /* Sources */ = {
			isa = PBXSourcesBuildPhase;
			buildActionMask = 2147483647;
			files = (
				968755872770FD30005FB927 /* User.swift in Sources */,
				96740EC02772E59E0089A886 /* UserStore.swift in Sources */,
				969C530A2773A992001837B6 /* UserGrid.swift in Sources */,
				96740ECA2772F22F0089A886 /* UsersApp.swift in Sources */,
				96C31DF9273525A1000C4BDB /* ContentView.swift in Sources */,
				969C530827735C8A001837B6 /* UserList.swift in Sources */,
				968EC70927719F1D00C69858 /* Api.swift in Sources */,
				96740EC52772E82D0089A886 /* UserRow.swift in Sources */,
				969C530C2773AADA001837B6 /* Avatar.swift in Sources */,
				96740EC32772E7E30089A886 /* UserDetails.swift in Sources */,
			);
			runOnlyForDeploymentPostprocessing = 0;
		};
		96C31DFF273525A2000C4BDB /* Sources */ = {
			isa = PBXSourcesBuildPhase;
			buildActionMask = 2147483647;
			files = (
				96C31E08273525A2000C4BDB /* UsersAppTests.swift in Sources */,
			);
			runOnlyForDeploymentPostprocessing = 0;
		};
		96C31E09273525A2000C4BDB /* Sources */ = {
			isa = PBXSourcesBuildPhase;
			buildActionMask = 2147483647;
			files = (
				96C31E12273525A2000C4BDB /* UsersAppUITests.swift in Sources */,
				96C31E14273525A2000C4BDB /* UsersAppUITestsLaunchTests.swift in Sources */,
			);
			runOnlyForDeploymentPostprocessing = 0;
		};
/* End PBXSourcesBuildPhase section */

/* Begin PBXTargetDependency section */
		96C31E05273525A2000C4BDB /* PBXTargetDependency */ = {
			isa = PBXTargetDependency;
			target = 96C31DF2273525A1000C4BDB /* UsersApp */;
			targetProxy = 96C31E04273525A2000C4BDB /* PBXContainerItemProxy */;
		};
		96C31E0F273525A2000C4BDB /* PBXTargetDependency */ = {
			isa = PBXTargetDependency;
			target = 96C31DF2273525A1000C4BDB /* UsersApp */;
			targetProxy = 96C31E0E273525A2000C4BDB /* PBXContainerItemProxy */;
		};
/* End PBXTargetDependency section */

/* Begin XCBuildConfiguration section */
		96C31E15273525A2000C4BDB /* Debug */ = {
			isa = XCBuildConfiguration;
			buildSettings = {
				ALWAYS_SEARCH_USER_PATHS = NO;
				CLANG_ANALYZER_NONNULL = YES;
				CLANG_ANALYZER_NUMBER_OBJECT_CONVERSION = YES_AGGRESSIVE;
				CLANG_CXX_LANGUAGE_STANDARD = "gnu++17";
				CLANG_CXX_LIBRARY = "libc++";
				CLANG_ENABLE_MODULES = YES;
				CLANG_ENABLE_OBJC_ARC = YES;
				CLANG_ENABLE_OBJC_WEAK = YES;
				CLANG_WARN_BLOCK_CAPTURE_AUTORELEASING = YES;
				CLANG_WARN_BOOL_CONVERSION = YES;
				CLANG_WARN_COMMA = YES;
				CLANG_WARN_CONSTANT_CONVERSION = YES;
				CLANG_WARN_DEPRECATED_OBJC_IMPLEMENTATIONS = YES;
				CLANG_WARN_DIRECT_OBJC_ISA_USAGE = YES_ERROR;
				CLANG_WARN_DOCUMENTATION_COMMENTS = YES;
				CLANG_WARN_EMPTY_BODY = YES;
				CLANG_WARN_ENUM_CONVERSION = YES;
				CLANG_WARN_INFINITE_RECURSION = YES;
				CLANG_WARN_INT_CONVERSION = YES;
				CLANG_WARN_NON_LITERAL_NULL_CONVERSION = YES;
				CLANG_WARN_OBJC_IMPLICIT_RETAIN_SELF = YES;
				CLANG_WARN_OBJC_LITERAL_CONVERSION = YES;
				CLANG_WARN_OBJC_ROOT_CLASS = YES_ERROR;
				CLANG_WARN_QUOTED_INCLUDE_IN_FRAMEWORK_HEADER = YES;
				CLANG_WARN_RANGE_LOOP_ANALYSIS = YES;
				CLANG_WARN_STRICT_PROTOTYPES = YES;
				CLANG_WARN_SUSPICIOUS_MOVE = YES;
				CLANG_WARN_UNGUARDED_AVAILABILITY = YES_AGGRESSIVE;
				CLANG_WARN_UNREACHABLE_CODE = YES;
				CLANG_WARN__DUPLICATE_METHOD_MATCH = YES;
				COPY_PHASE_STRIP = NO;
				DEBUG_INFORMATION_FORMAT = dwarf;
				ENABLE_STRICT_OBJC_MSGSEND = YES;
				ENABLE_TESTABILITY = YES;
				GCC_C_LANGUAGE_STANDARD = gnu11;
				GCC_DYNAMIC_NO_PIC = NO;
				GCC_NO_COMMON_BLOCKS = YES;
				GCC_OPTIMIZATION_LEVEL = 0;
				GCC_PREPROCESSOR_DEFINITIONS = (
					"DEBUG=1",
					"$(inherited)",
				);
				GCC_WARN_64_TO_32_BIT_CONVERSION = YES;
				GCC_WARN_ABOUT_RETURN_TYPE = YES_ERROR;
				GCC_WARN_UNDECLARED_SELECTOR = YES;
				GCC_WARN_UNINITIALIZED_AUTOS = YES_AGGRESSIVE;
				GCC_WARN_UNUSED_FUNCTION = YES;
				GCC_WARN_UNUSED_VARIABLE = YES;
				IPHONEOS_DEPLOYMENT_TARGET = 15.0;
				MTL_ENABLE_DEBUG_INFO = INCLUDE_SOURCE;
				MTL_FAST_MATH = YES;
				ONLY_ACTIVE_ARCH = YES;
				SDKROOT = iphoneos;
				SWIFT_ACTIVE_COMPILATION_CONDITIONS = DEBUG;
				SWIFT_OPTIMIZATION_LEVEL = "-Onone";
			};
			name = Debug;
		};
		96C31E16273525A2000C4BDB /* Release */ = {
			isa = XCBuildConfiguration;
			buildSettings = {
				ALWAYS_SEARCH_USER_PATHS = NO;
				CLANG_ANALYZER_NONNULL = YES;
				CLANG_ANALYZER_NUMBER_OBJECT_CONVERSION = YES_AGGRESSIVE;
				CLANG_CXX_LANGUAGE_STANDARD = "gnu++17";
				CLANG_CXX_LIBRARY = "libc++";
				CLANG_ENABLE_MODULES = YES;
				CLANG_ENABLE_OBJC_ARC = YES;
				CLANG_ENABLE_OBJC_WEAK = YES;
				CLANG_WARN_BLOCK_CAPTURE_AUTORELEASING = YES;
				CLANG_WARN_BOOL_CONVERSION = YES;
				CLANG_WARN_COMMA = YES;
				CLANG_WARN_CONSTANT_CONVERSION = YES;
				CLANG_WARN_DEPRECATED_OBJC_IMPLEMENTATIONS = YES;
				CLANG_WARN_DIRECT_OBJC_ISA_USAGE = YES_ERROR;
				CLANG_WARN_DOCUMENTATION_COMMENTS = YES;
				CLANG_WARN_EMPTY_BODY = YES;
				CLANG_WARN_ENUM_CONVERSION = YES;
				CLANG_WARN_INFINITE_RECURSION = YES;
				CLANG_WARN_INT_CONVERSION = YES;
				CLANG_WARN_NON_LITERAL_NULL_CONVERSION = YES;
				CLANG_WARN_OBJC_IMPLICIT_RETAIN_SELF = YES;
				CLANG_WARN_OBJC_LITERAL_CONVERSION = YES;
				CLANG_WARN_OBJC_ROOT_CLASS = YES_ERROR;
				CLANG_WARN_QUOTED_INCLUDE_IN_FRAMEWORK_HEADER = YES;
				CLANG_WARN_RANGE_LOOP_ANALYSIS = YES;
				CLANG_WARN_STRICT_PROTOTYPES = YES;
				CLANG_WARN_SUSPICIOUS_MOVE = YES;
				CLANG_WARN_UNGUARDED_AVAILABILITY = YES_AGGRESSIVE;
				CLANG_WARN_UNREACHABLE_CODE = YES;
				CLANG_WARN__DUPLICATE_METHOD_MATCH = YES;
				COPY_PHASE_STRIP = NO;
				DEBUG_INFORMATION_FORMAT = "dwarf-with-dsym";
				ENABLE_NS_ASSERTIONS = NO;
				ENABLE_STRICT_OBJC_MSGSEND = YES;
				GCC_C_LANGUAGE_STANDARD = gnu11;
				GCC_NO_COMMON_BLOCKS = YES;
				GCC_WARN_64_TO_32_BIT_CONVERSION = YES;
				GCC_WARN_ABOUT_RETURN_TYPE = YES_ERROR;
				GCC_WARN_UNDECLARED_SELECTOR = YES;
				GCC_WARN_UNINITIALIZED_AUTOS = YES_AGGRESSIVE;
				GCC_WARN_UNUSED_FUNCTION = YES;
				GCC_WARN_UNUSED_VARIABLE = YES;
				IPHONEOS_DEPLOYMENT_TARGET = 15.0;
				MTL_ENABLE_DEBUG_INFO = NO;
				MTL_FAST_MATH = YES;
				SDKROOT = iphoneos;
				SWIFT_COMPILATION_MODE = wholemodule;
				SWIFT_OPTIMIZATION_LEVEL = "-O";
				VALIDATE_PRODUCT = YES;
			};
			name = Release;
		};
		96C31E18273525A2000C4BDB /* Debug */ = {
			isa = XCBuildConfiguration;
			buildSettings = {
				ASSETCATALOG_COMPILER_APPICON_NAME = AppIcon;
				ASSETCATALOG_COMPILER_GLOBAL_ACCENT_COLOR_NAME = AccentColor;
				CODE_SIGN_STYLE = Automatic;
				CURRENT_PROJECT_VERSION = 1;
				DEVELOPMENT_ASSET_PATHS = "\"UsersApp/Preview Content\"";
				DEVELOPMENT_TEAM = TUB7VB55Z2;
				ENABLE_PREVIEWS = YES;
				GENERATE_INFOPLIST_FILE = YES;
				INFOPLIST_KEY_UIApplicationSceneManifest_Generation = YES;
				INFOPLIST_KEY_UIApplicationSupportsIndirectInputEvents = YES;
				INFOPLIST_KEY_UILaunchScreen_Generation = YES;
				INFOPLIST_KEY_UISupportedInterfaceOrientations_iPad = "UIInterfaceOrientationPortrait UIInterfaceOrientationPortraitUpsideDown UIInterfaceOrientationLandscapeLeft UIInterfaceOrientationLandscapeRight";
				INFOPLIST_KEY_UISupportedInterfaceOrientations_iPhone = "UIInterfaceOrientationPortrait UIInterfaceOrientationLandscapeLeft UIInterfaceOrientationLandscapeRight";
				LD_RUNPATH_SEARCH_PATHS = (
					"$(inherited)",
					"@executable_path/Frameworks",
				);
				MARKETING_VERSION = 1.0;
				PRODUCT_BUNDLE_IDENTIFIER = zymo.UsersApp;
				PRODUCT_NAME = UsersApp;
				SWIFT_EMIT_LOC_STRINGS = YES;
				SWIFT_VERSION = 5.0;
				TARGETED_DEVICE_FAMILY = "1,2";
			};
			name = Debug;
		};
		96C31E19273525A2000C4BDB /* Release */ = {
			isa = XCBuildConfiguration;
			buildSettings = {
				ASSETCATALOG_COMPILER_APPICON_NAME = AppIcon;
				ASSETCATALOG_COMPILER_GLOBAL_ACCENT_COLOR_NAME = AccentColor;
				CODE_SIGN_STYLE = Automatic;
				CURRENT_PROJECT_VERSION = 1;
				DEVELOPMENT_ASSET_PATHS = "\"UsersApp/Preview Content\"";
				DEVELOPMENT_TEAM = TUB7VB55Z2;
				ENABLE_PREVIEWS = YES;
				GENERATE_INFOPLIST_FILE = YES;
				INFOPLIST_KEY_UIApplicationSceneManifest_Generation = YES;
				INFOPLIST_KEY_UIApplicationSupportsIndirectInputEvents = YES;
				INFOPLIST_KEY_UILaunchScreen_Generation = YES;
				INFOPLIST_KEY_UISupportedInterfaceOrientations_iPad = "UIInterfaceOrientationPortrait UIInterfaceOrientationPortraitUpsideDown UIInterfaceOrientationLandscapeLeft UIInterfaceOrientationLandscapeRight";
				INFOPLIST_KEY_UISupportedInterfaceOrientations_iPhone = "UIInterfaceOrientationPortrait UIInterfaceOrientationLandscapeLeft UIInterfaceOrientationLandscapeRight";
				LD_RUNPATH_SEARCH_PATHS = (
					"$(inherited)",
					"@executable_path/Frameworks",
				);
				MARKETING_VERSION = 1.0;
				PRODUCT_BUNDLE_IDENTIFIER = zymo.UsersApp;
				PRODUCT_NAME = UsersApp;
				SWIFT_EMIT_LOC_STRINGS = YES;
				SWIFT_VERSION = 5.0;
				TARGETED_DEVICE_FAMILY = "1,2";
			};
			name = Release;
		};
		96C31E1B273525A2000C4BDB /* Debug */ = {
			isa = XCBuildConfiguration;
			buildSettings = {
				ALWAYS_EMBED_SWIFT_STANDARD_LIBRARIES = YES;
				BUNDLE_LOADER = "$(TEST_HOST)";
				CODE_SIGN_STYLE = Automatic;
				CURRENT_PROJECT_VERSION = 1;
				GENERATE_INFOPLIST_FILE = YES;
				IPHONEOS_DEPLOYMENT_TARGET = 15.0;
				LD_RUNPATH_SEARCH_PATHS = (
					"$(inherited)",
					"@executable_path/Frameworks",
					"@loader_path/Frameworks",
				);
				MARKETING_VERSION = 1.0;
				PRODUCT_BUNDLE_IDENTIFIER = foo.FooAppTests;
				PRODUCT_NAME = "$(TARGET_NAME)";
				SWIFT_EMIT_LOC_STRINGS = NO;
				SWIFT_VERSION = 5.0;
				TARGETED_DEVICE_FAMILY = "1,2";
				TEST_HOST = "$(BUILT_PRODUCTS_DIR)/UsersApp.app/UsersApp";
			};
			name = Debug;
		};
		96C31E1C273525A2000C4BDB /* Release */ = {
			isa = XCBuildConfiguration;
			buildSettings = {
				ALWAYS_EMBED_SWIFT_STANDARD_LIBRARIES = YES;
				BUNDLE_LOADER = "$(TEST_HOST)";
				CODE_SIGN_STYLE = Automatic;
				CURRENT_PROJECT_VERSION = 1;
				GENERATE_INFOPLIST_FILE = YES;
				IPHONEOS_DEPLOYMENT_TARGET = 15.0;
				LD_RUNPATH_SEARCH_PATHS = (
					"$(inherited)",
					"@executable_path/Frameworks",
					"@loader_path/Frameworks",
				);
				MARKETING_VERSION = 1.0;
				PRODUCT_BUNDLE_IDENTIFIER = foo.FooAppTests;
				PRODUCT_NAME = "$(TARGET_NAME)";
				SWIFT_EMIT_LOC_STRINGS = NO;
				SWIFT_VERSION = 5.0;
				TARGETED_DEVICE_FAMILY = "1,2";
				TEST_HOST = "$(BUILT_PRODUCTS_DIR)/UsersApp.app/UsersApp";
			};
			name = Release;
		};
		96C31E1E273525A2000C4BDB /* Debug */ = {
			isa = XCBuildConfiguration;
			buildSettings = {
				ALWAYS_EMBED_SWIFT_STANDARD_LIBRARIES = YES;
				CODE_SIGN_STYLE = Automatic;
				CURRENT_PROJECT_VERSION = 1;
				GENERATE_INFOPLIST_FILE = YES;
				LD_RUNPATH_SEARCH_PATHS = (
					"$(inherited)",
					"@executable_path/Frameworks",
					"@loader_path/Frameworks",
				);
				MARKETING_VERSION = 1.0;
				PRODUCT_BUNDLE_IDENTIFIER = foo.FooAppUITests;
				PRODUCT_NAME = "$(TARGET_NAME)";
				SWIFT_EMIT_LOC_STRINGS = NO;
				SWIFT_VERSION = 5.0;
				TARGETED_DEVICE_FAMILY = "1,2";
				TEST_TARGET_NAME = FooApp;
			};
			name = Debug;
		};
		96C31E1F273525A2000C4BDB /* Release */ = {
			isa = XCBuildConfiguration;
			buildSettings = {
				ALWAYS_EMBED_SWIFT_STANDARD_LIBRARIES = YES;
				CODE_SIGN_STYLE = Automatic;
				CURRENT_PROJECT_VERSION = 1;
				GENERATE_INFOPLIST_FILE = YES;
				LD_RUNPATH_SEARCH_PATHS = (
					"$(inherited)",
					"@executable_path/Frameworks",
					"@loader_path/Frameworks",
				);
				MARKETING_VERSION = 1.0;
				PRODUCT_BUNDLE_IDENTIFIER = foo.FooAppUITests;
				PRODUCT_NAME = "$(TARGET_NAME)";
				SWIFT_EMIT_LOC_STRINGS = NO;
				SWIFT_VERSION = 5.0;
				TARGETED_DEVICE_FAMILY = "1,2";
				TEST_TARGET_NAME = FooApp;
			};
			name = Release;
		};
/* End XCBuildConfiguration section */

/* Begin XCConfigurationList section */
		96C31DEE273525A1000C4BDB /* Build configuration list for PBXProject "UsersApp" */ = {
			isa = XCConfigurationList;
			buildConfigurations = (
				96C31E15273525A2000C4BDB /* Debug */,
				96C31E16273525A2000C4BDB /* Release */,
			);
			defaultConfigurationIsVisible = 0;
			defaultConfigurationName = Release;
		};
		96C31E17273525A2000C4BDB /* Build configuration list for PBXNativeTarget "UsersApp" */ = {
			isa = XCConfigurationList;
			buildConfigurations = (
				96C31E18273525A2000C4BDB /* Debug */,
				96C31E19273525A2000C4BDB /* Release */,
			);
			defaultConfigurationIsVisible = 0;
			defaultConfigurationName = Release;
		};
		96C31E1A273525A2000C4BDB /* Build configuration list for PBXNativeTarget "UsersAppTests" */ = {
			isa = XCConfigurationList;
			buildConfigurations = (
				96C31E1B273525A2000C4BDB /* Debug */,
				96C31E1C273525A2000C4BDB /* Release */,
			);
			defaultConfigurationIsVisible = 0;
			defaultConfigurationName = Release;
		};
		96C31E1D273525A2000C4BDB /* Build configuration list for PBXNativeTarget "UsersAppUITests" */ = {
			isa = XCConfigurationList;
			buildConfigurations = (
				96C31E1E273525A2000C4BDB /* Debug */,
				96C31E1F273525A2000C4BDB /* Release */,
			);
			defaultConfigurationIsVisible = 0;
			defaultConfigurationName = Release;
		};
/* End XCConfigurationList section */
	};
	rootObject = 96C31DEB273525A1000C4BDB /* Project object */;
}
